hash: 977fce42f34500668c4f5878680f6b684b1af35b730a20b861ac904a1631e629
updated: 2019-02-26T16:30:56.75867412+08:00
imports:
- name: github.com/beorn7/perks
  version: 3a771d992973f24aa725d07868b467d1ddfceafb
  subpackages:
  - quantile
- name: github.com/deathowl/go-metrics-prometheus
  version: 7cfe975c505b0cf33594913496d057316ee73bfc
- name: github.com/goji/httpauth
  version: 2da839ab0f4df05a6db5eb277995589dadbd4fb9
- name: github.com/golang/protobuf
  version: b4deda0973fb4c70b50d226b1af49f3da59f5265
  subpackages:
  - proto
- name: github.com/gorilla/context
  version: 08b5f424b9271eedf6f9f0ce86cb9396ed337a42
- name: github.com/gorilla/mux
  version: e3702bed27f0d39777b0b37b664b6280e8ef8fbf
- name: github.com/hashicorp/consul
  version: c97c712e96e0e53308054d5e1180289fe02dce38
- name: github.com/matttproud/golang_protobuf_extensions
  version: c182affec369e30f25d3eb8cd8a478dee585ae7d
  subpackages:
  - pbutil
- name: github.com/prometheus/client_golang
  version: 505eaef017263e299324067d40ca2c48f6a2cf50
  subpackages:
  - prometheus
  - prometheus/internal
  - prometheus/promhttp
- name: github.com/prometheus/client_model
  version: fd36f4220a901265f90734c3183c5f0c91daa0b8
  subpackages:
  - go
- name: github.com/prometheus/common
  version: 7a3416fd1f41341905f138746c51a5092e7ddf7a
  subpackages:
  - expfmt
  - internal/bitbucket.org/ww/goautoneg
  - model
- name: github.com/prometheus/procfs
  version: 6ed1f7e1041181781dd2826d3001075d011a80cc
  subpackages:
  - internal/util
  - iostats
  - nfs
  - xfs
- name: github.com/rcrowley/go-metrics
  version: 3113b8401b8a98917cde58f8bbd42a1b1c03b1fd
testImports: []
